
Microsoft Visual Studio Solution File, Format Version 12.00
# Visual Studio Version 16
VisualStudioVersion = 16.0.32126.315
MinimumVisualStudioVersion = 10.0.40219.1
Project("{FAE04EC0-301F-11D3-BF4B-00C04F79EFBC}") = "NTC_Lego_Web.Server", "NTC_Lego_Web\Server\NTC_Lego_Web.Server.csproj", "{6046D182-2308-43CF-861A-D1FF9633EA3F}"
EndProject
Project("{FAE04EC0-301F-11D3-BF4B-00C04F79EFBC}") = "NTC_Lego_Web.Client", "NTC_Lego_Web\Client\NTC_Lego_Web.Client.csproj", "{E455B56B-1D5A-475D-A871-33FDAFDAFFF0}"
EndProject
Project("{FAE04EC0-301F-11D3-BF4B-00C04F79EFBC}") = "NTC_Lego_Web.Shared", "NTC_Lego_Web\Shared\NTC_Lego_Web.Shared.csproj", "{8FFD070B-734B-4E80-A9B9-C5FF0B43088E}"
EndProject
Global
	GlobalSection(SolutionConfigurationPlatforms) = preSolution
		Debug|Any CPU = Debug|Any CPU
		Release|Any CPU = Release|Any CPU
	EndGlobalSection
	GlobalSection(ProjectConfigurationPlatforms) = postSolution
		{6046D182-2308-43CF-861A-D1FF9633EA3F}.Debug|Any CPU.ActiveCfg = Debug|Any CPU
		{6046D182-2308-43CF-861A-D1FF9633EA3F}.Debug|Any CPU.Build.0 = Debug|Any CPU
		{6046D182-2308-43CF-861A-D1FF9633EA3F}.Release|Any CPU.ActiveCfg = Release|Any CPU
		{6046D182-2308-43CF-861A-D1FF9633EA3F}.Release|Any CPU.Build.0 = Release|Any CPU
		{E455B56B-1D5A-475D-A871-33FDAFDAFFF0}.Debug|Any CPU.ActiveCfg = Debug|Any CPU
		{E455B56B-1D5A-475D-A871-33FDAFDAFFF0}.Debug|Any CPU.Build.0 = Debug|Any CPU
		{E455B56B-1D5A-475D-A871-33FDAFDAFFF0}.Release|Any CPU.ActiveCfg = Release|Any CPU
		{E455B56B-1D5A-475D-A871-33FDAFDAFFF0}.Release|Any CPU.Build.0 = Release|Any CPU
		{8FFD070B-734B-4E80-A9B9-C5FF0B43088E}.Debug|Any CPU.ActiveCfg = Debug|Any CPU
		{8FFD070B-734B-4E80-A9B9-C5FF0B43088E}.Debug|Any CPU.Build.0 = Debug|Any CPU
		{8FFD070B-734B-4E80-A9B9-C5FF0B43088E}.Release|Any CPU.ActiveCfg = Release|Any CPU
		{8FFD070B-734B-4E80-A9B9-C5FF0B43088E}.Release|Any CPU.Build.0 = Release|Any CPU
	EndGlobalSection
	GlobalSection(SolutionProperties) = preSolution
		HideSolutionNode = FALSE
	EndGlobalSection
	GlobalSection(ExtensibilityGlobals) = postSolution
		SolutionGuid = {9580BAC8-8545-4A56-B142-A62B8ABC1E1B}
	EndGlobalSection
EndGlobal
