
Microsoft Visual Studio Solution File, Format Version 12.00
# Visual Studio Version 17
VisualStudioVersion = 17.1.32407.343
MinimumVisualStudioVersion = 10.0.40219.1
Project("{9A19103F-16F7-4668-BE54-9A1E7A4F7556}") = "NTC_Lego.Server", "NTC_Lego\Server\NTC_Lego.Server.csproj", "{7A1F0979-3820-4A39-B590-05954079C851}"
EndProject
Project("{9A19103F-16F7-4668-BE54-9A1E7A4F7556}") = "NTC_Lego.Client", "NTC_Lego\Client\NTC_Lego.Client.csproj", "{AEEE7098-34F2-4C57-A874-523271BCC57D}"
EndProject
Project("{9A19103F-16F7-4668-BE54-9A1E7A4F7556}") = "NTC_Lego.Shared", "NTC_Lego\Shared\NTC_Lego.Shared.csproj", "{6961F5A9-2743-4FEB-973F-15BDC2E16E68}"
EndProject
Project("{9A19103F-16F7-4668-BE54-9A1E7A4F7556}") = "BlazorNtcLegoUnitTest", "BlazorNtcLegoUnitTest\BlazorNtcLegoUnitTest.csproj", "{194FF7BC-7831-4200-A2DE-77CFC3EA4052}"
EndProject
Global
	GlobalSection(SolutionConfigurationPlatforms) = preSolution
		Debug|Any CPU = Debug|Any CPU
		Default|Any CPU = Default|Any CPU
		Release|Any CPU = Release|Any CPU
	EndGlobalSection
	GlobalSection(ProjectConfigurationPlatforms) = postSolution
		{7A1F0979-3820-4A39-B590-05954079C851}.Debug|Any CPU.ActiveCfg = Debug|Any CPU
		{7A1F0979-3820-4A39-B590-05954079C851}.Debug|Any CPU.Build.0 = Debug|Any CPU
		{7A1F0979-3820-4A39-B590-05954079C851}.Default|Any CPU.ActiveCfg = Default|Any CPU
		{7A1F0979-3820-4A39-B590-05954079C851}.Default|Any CPU.Build.0 = Default|Any CPU
		{7A1F0979-3820-4A39-B590-05954079C851}.Release|Any CPU.ActiveCfg = Release|Any CPU
		{7A1F0979-3820-4A39-B590-05954079C851}.Release|Any CPU.Build.0 = Release|Any CPU
		{AEEE7098-34F2-4C57-A874-523271BCC57D}.Debug|Any CPU.ActiveCfg = Debug|Any CPU
		{AEEE7098-34F2-4C57-A874-523271BCC57D}.Debug|Any CPU.Build.0 = Debug|Any CPU
		{AEEE7098-34F2-4C57-A874-523271BCC57D}.Default|Any CPU.ActiveCfg = Default|Any CPU
		{AEEE7098-34F2-4C57-A874-523271BCC57D}.Default|Any CPU.Build.0 = Default|Any CPU
		{AEEE7098-34F2-4C57-A874-523271BCC57D}.Release|Any CPU.ActiveCfg = Release|Any CPU
		{AEEE7098-34F2-4C57-A874-523271BCC57D}.Release|Any CPU.Build.0 = Release|Any CPU
		{6961F5A9-2743-4FEB-973F-15BDC2E16E68}.Debug|Any CPU.ActiveCfg = Debug|Any CPU
		{6961F5A9-2743-4FEB-973F-15BDC2E16E68}.Debug|Any CPU.Build.0 = Debug|Any CPU
		{6961F5A9-2743-4FEB-973F-15BDC2E16E68}.Default|Any CPU.ActiveCfg = Default|Any CPU
		{6961F5A9-2743-4FEB-973F-15BDC2E16E68}.Default|Any CPU.Build.0 = Default|Any CPU
		{6961F5A9-2743-4FEB-973F-15BDC2E16E68}.Release|Any CPU.ActiveCfg = Release|Any CPU
		{6961F5A9-2743-4FEB-973F-15BDC2E16E68}.Release|Any CPU.Build.0 = Release|Any CPU
		{194FF7BC-7831-4200-A2DE-77CFC3EA4052}.Debug|Any CPU.ActiveCfg = Debug|Any CPU
		{194FF7BC-7831-4200-A2DE-77CFC3EA4052}.Debug|Any CPU.Build.0 = Debug|Any CPU
		{194FF7BC-7831-4200-A2DE-77CFC3EA4052}.Default|Any CPU.ActiveCfg = Debug|Any CPU
		{194FF7BC-7831-4200-A2DE-77CFC3EA4052}.Default|Any CPU.Build.0 = Debug|Any CPU
		{194FF7BC-7831-4200-A2DE-77CFC3EA4052}.Release|Any CPU.ActiveCfg = Release|Any CPU
		{194FF7BC-7831-4200-A2DE-77CFC3EA4052}.Release|Any CPU.Build.0 = Release|Any CPU
	EndGlobalSection
	GlobalSection(SolutionProperties) = preSolution
		HideSolutionNode = FALSE
	EndGlobalSection
	GlobalSection(ExtensibilityGlobals) = postSolution
		SolutionGuid = {BC0C1FEC-A270-4CA7-9CC3-C23ADBC087D3}
	EndGlobalSection
EndGlobal
