
Microsoft Visual Studio Solution File, Format Version 12.00
# Visual Studio Version 17
VisualStudioVersion = 17.1.32407.343
MinimumVisualStudioVersion = 10.0.40219.1
Project("{FAE04EC0-301F-11D3-BF4B-00C04F79EFBC}") = "NTC_Lego.Server", "NTC_Lego\Server\NTC_Lego.Server.csproj", "{7A1F0979-3820-4A39-B590-05954079C851}"
EndProject
Project("{FAE04EC0-301F-11D3-BF4B-00C04F79EFBC}") = "NTC_Lego.Client", "NTC_Lego\Client\NTC_Lego.Client.csproj", "{AEEE7098-34F2-4C57-A874-523271BCC57D}"
EndProject
Project("{FAE04EC0-301F-11D3-BF4B-00C04F79EFBC}") = "NTC_Lego.Shared", "NTC_Lego\Shared\NTC_Lego.Shared.csproj", "{6961F5A9-2743-4FEB-973F-15BDC2E16E68}"
EndProject
Global
	GlobalSection(SolutionConfigurationPlatforms) = preSolution
		Debug|Any CPU = Debug|Any CPU
		Release|Any CPU = Release|Any CPU
	EndGlobalSection
	GlobalSection(ProjectConfigurationPlatforms) = postSolution
		{7A1F0979-3820-4A39-B590-05954079C851}.Debug|Any CPU.ActiveCfg = Debug|Any CPU
		{7A1F0979-3820-4A39-B590-05954079C851}.Debug|Any CPU.Build.0 = Debug|Any CPU
		{7A1F0979-3820-4A39-B590-05954079C851}.Release|Any CPU.ActiveCfg = Release|Any CPU
		{7A1F0979-3820-4A39-B590-05954079C851}.Release|Any CPU.Build.0 = Release|Any CPU
		{AEEE7098-34F2-4C57-A874-523271BCC57D}.Debug|Any CPU.ActiveCfg = Debug|Any CPU
		{AEEE7098-34F2-4C57-A874-523271BCC57D}.Debug|Any CPU.Build.0 = Debug|Any CPU
		{AEEE7098-34F2-4C57-A874-523271BCC57D}.Release|Any CPU.ActiveCfg = Release|Any CPU
		{AEEE7098-34F2-4C57-A874-523271BCC57D}.Release|Any CPU.Build.0 = Release|Any CPU
		{6961F5A9-2743-4FEB-973F-15BDC2E16E68}.Debug|Any CPU.ActiveCfg = Debug|Any CPU
		{6961F5A9-2743-4FEB-973F-15BDC2E16E68}.Debug|Any CPU.Build.0 = Debug|Any CPU
		{6961F5A9-2743-4FEB-973F-15BDC2E16E68}.Release|Any CPU.ActiveCfg = Release|Any CPU
		{6961F5A9-2743-4FEB-973F-15BDC2E16E68}.Release|Any CPU.Build.0 = Release|Any CPU
	EndGlobalSection
	GlobalSection(SolutionProperties) = preSolution
		HideSolutionNode = FALSE
	EndGlobalSection
	GlobalSection(ExtensibilityGlobals) = postSolution
		SolutionGuid = {BC0C1FEC-A270-4CA7-9CC3-C23ADBC087D3}
	EndGlobalSection
EndGlobal
